
Microsoft Visual Studio Solution File, Format Version 12.00
# Visual Studio 15
VisualStudioVersion = 15.0.28307.1231
MinimumVisualStudioVersion = 10.0.40219.1
Project("{FAE04EC0-301F-11D3-BF4B-00C04F79EFBC}") = "ExploreNowWebapplicationAPI", "ExploreNowWebapplicationAPI\ExploreNowWebapplicationAPI.csproj", "{52A4E02F-7843-4727-B631-2FE071CCB0C6}"
EndProject
Global
	GlobalSection(SolutionConfigurationPlatforms) = preSolution
		Debug|Any CPU = Debug|Any CPU
		Release|Any CPU = Release|Any CPU
	EndGlobalSection
	GlobalSection(ProjectConfigurationPlatforms) = postSolution
		{52A4E02F-7843-4727-B631-2FE071CCB0C6}.Debug|Any CPU.ActiveCfg = Debug|Any CPU
		{52A4E02F-7843-4727-B631-2FE071CCB0C6}.Debug|Any CPU.Build.0 = Debug|Any CPU
		{52A4E02F-7843-4727-B631-2FE071CCB0C6}.Release|Any CPU.ActiveCfg = Release|Any CPU
		{52A4E02F-7843-4727-B631-2FE071CCB0C6}.Release|Any CPU.Build.0 = Release|Any CPU
	EndGlobalSection
	GlobalSection(SolutionProperties) = preSolution
		HideSolutionNode = FALSE
	EndGlobalSection
	GlobalSection(ExtensibilityGlobals) = postSolution
		SolutionGuid = {02659F39-28F6-40C6-98E6-1F8656FFF3A2}
	EndGlobalSection
EndGlobal
